
Microsoft Visual Studio Solution File, Format Version 12.00
# Visual Studio Version 16
VisualStudioVersion = 16.0.31702.278
MinimumVisualStudioVersion = 10.0.40219.1
Project("{FAE04EC0-301F-11D3-BF4B-00C04F79EFBC}") = "VehicleRegistrationManagement", "VehicleRegistrationManagement.csproj", "{79D82D7F-016E-4A92-98B0-861D3D674BB0}"
EndProject
Global
	GlobalSection(SolutionConfigurationPlatforms) = preSolution
		Debug|Any CPU = Debug|Any CPU
		Release|Any CPU = Release|Any CPU
	EndGlobalSection
	GlobalSection(ProjectConfigurationPlatforms) = postSolution
		{79D82D7F-016E-4A92-98B0-861D3D674BB0}.Debug|Any CPU.ActiveCfg = Debug|Any CPU
		{79D82D7F-016E-4A92-98B0-861D3D674BB0}.Debug|Any CPU.Build.0 = Debug|Any CPU
		{79D82D7F-016E-4A92-98B0-861D3D674BB0}.Release|Any CPU.ActiveCfg = Release|Any CPU
		{79D82D7F-016E-4A92-98B0-861D3D674BB0}.Release|Any CPU.Build.0 = Release|Any CPU
	EndGlobalSection
	GlobalSection(SolutionProperties) = preSolution
		HideSolutionNode = FALSE
	EndGlobalSection
	GlobalSection(ExtensibilityGlobals) = postSolution
		SolutionGuid = {3C73E50A-121C-42FD-BF8B-821C5C1EE436}
	EndGlobalSection
EndGlobal
